
Microsoft Visual Studio Solution File, Format Version 12.00
# Visual Studio 15
VisualStudioVersion = 15.0.27428.2037
MinimumVisualStudioVersion = 10.0.40219.1
Project("{FAE04EC0-301F-11D3-BF4B-00C04F79EFBC}") = "Plagiat", "Plagiat.csproj", "{DD15CEEC-6986-4BAF-9699-B2726E00DE88}"
EndProject
Global
	GlobalSection(SolutionConfigurationPlatforms) = preSolution
		Debug|Any CPU = Debug|Any CPU
		Release|Any CPU = Release|Any CPU
	EndGlobalSection
	GlobalSection(ProjectConfigurationPlatforms) = postSolution
		{DD15CEEC-6986-4BAF-9699-B2726E00DE88}.Debug|Any CPU.ActiveCfg = Debug|Any CPU
		{DD15CEEC-6986-4BAF-9699-B2726E00DE88}.Debug|Any CPU.Build.0 = Debug|Any CPU
		{DD15CEEC-6986-4BAF-9699-B2726E00DE88}.Release|Any CPU.ActiveCfg = Release|Any CPU
		{DD15CEEC-6986-4BAF-9699-B2726E00DE88}.Release|Any CPU.Build.0 = Release|Any CPU
	EndGlobalSection
	GlobalSection(SolutionProperties) = preSolution
		HideSolutionNode = FALSE
	EndGlobalSection
	GlobalSection(ExtensibilityGlobals) = postSolution
		SolutionGuid = {E45F9819-7E0C-4FBC-8622-F62F339FE0ED}
	EndGlobalSection
EndGlobal
